{
  "version": 4,
  "terraform_version": "0.14.7",
  "serial": 211,
  "lineage": "cfd3fe13-0c91-9520-0ea5-f3380525befb",
  "outputs": {},
  "resources": [
    {
      "mode": "managed",
      "type": "azurerm_linux_virtual_machine",
      "name": "k8s-master",
      "provider": "provider[\"registry.terraform.io/hashicorp/azurerm\"]",
      "instances": [
        {
          "schema_version": 0,
          "attributes": {
            "additional_capabilities": [],
            "admin_password": null,
            "admin_ssh_key": [
              {
                "public_key": "ssh-rsa AAAAB3NzaC1yc2EAAAADAQABAAABgQD0Xe6j/XTi3AsQZpB1cLuCwxAkMUpZqKHDF8sWFkr48Z29A2QpIO7cFPrOXL6cK3bZlu+7HfF1VIjdHrTH3UTPY1y1wnnQG74oUnCUbmel3K85hSZmRhuvaupM0uE6WJ8t339VW0quHInWhBatH4Hm0VjWhzdPbuikOu2iFadR3FcChBXh5jWpaSxKr2qfA4sYDlRPOXkAzcqIX+7lk/MYVHVjeDOWXk8EnfWI+maDItVE5768F6jY50rdv93Iwog5vSKKL1DPC2yxWI2NmvyAvZivJdddn8n1Q8M1kciT+ZFWrOOvH4A0zoxCRudFxiQ/gLZbKQBUOuBrU8qpqV2VhxBj37WIlA2s52nXRvzORWDB21/CFCbevbkvp3J70Y6Ik+Kz2j1VRY0+SRhC1+0VyV10C+axh/yCUGimatHAkQiK/2PX0WqHZAfDRSbDru1tuni6jPB4VODYqztuTz4Efa1DS4d/KKaNFgx+ELBAJBzNa1c2d0aSmOOZFinYBk0= ansible@master.local\n",
                "username": "ansible"
              }
            ],
            "admin_username": "ansible",
            "allow_extension_operations": true,
            "availability_set_id": "",
            "boot_diagnostics": [],
            "computer_name": "k8s-master",
            "custom_data": null,
            "dedicated_host_id": "",
            "disable_password_authentication": true,
            "encryption_at_host_enabled": false,
            "eviction_policy": "",
            "extensions_time_budget": "PT1H30M",
            "id": "/subscriptions/aab03c5a-85db-4193-b7c9-541ee078c276/resourceGroups/iva-unir-k8s-resources/providers/Microsoft.Compute/virtualMachines/k8s-master",
            "identity": [],
            "location": "westeurope",
            "max_bid_price": -1,
            "name": "k8s-master",
            "network_interface_ids": [
              "/subscriptions/aab03c5a-85db-4193-b7c9-541ee078c276/resourceGroups/iva-unir-k8s-resources/providers/Microsoft.Network/networkInterfaces/vmnicmaster"
            ],
            "os_disk": [
              {
                "caching": "ReadWrite",
                "diff_disk_settings": [],
                "disk_encryption_set_id": "",
                "disk_size_gb": 30,
                "name": "k8s-master_OsDisk_1_daf1e32bd555405785ad28f3ef88271b",
                "storage_account_type": "Standard_LRS",
                "write_accelerator_enabled": false
              }
            ],
            "plan": [
              {
                "name": "centos-8-stream-free",
                "product": "centos-8-stream-free",
                "publisher": "cognosys"
              }
            ],
            "priority": "Regular",
            "private_ip_address": "10.0.1.10",
            "private_ip_addresses": [
              "10.0.1.10"
            ],
            "provision_vm_agent": true,
            "proximity_placement_group_id": "",
            "public_ip_address": "137.117.197.56",
            "public_ip_addresses": [
              "137.117.197.56"
            ],
            "resource_group_name": "iva-unir-k8s-resources",
            "secret": [],
            "size": "Standard_A2_v2",
            "source_image_id": "",
            "source_image_reference": [
              {
                "offer": "centos-8-stream-free",
                "publisher": "cognosys",
                "sku": "centos-8-stream-free",
                "version": "1.2019.0810"
              }
            ],
            "tags": null,
            "timeouts": null,
            "virtual_machine_id": "083c762e-a6f0-44c9-b3d5-c4ed1308a5c7",
            "virtual_machine_scale_set_id": "",
            "zone": ""
          },
          "sensitive_attributes": [],
          "private": "eyJlMmJmYjczMC1lY2FhLTExZTYtOGY4OC0zNDM2M2JjN2M0YzAiOnsiY3JlYXRlIjoyNzAwMDAwMDAwMDAwLCJkZWxldGUiOjI3MDAwMDAwMDAwMDAsInJlYWQiOjMwMDAwMDAwMDAwMCwidXBkYXRlIjoyNzAwMDAwMDAwMDAwfX0=",
          "dependencies": [
            "azurerm_network_interface.nic_master",
            "azurerm_public_ip.myPublicIp1",
            "azurerm_resource_group.main",
            "azurerm_subnet.mySubnet",
            "azurerm_virtual_network.myNet"
          ]
        }
      ]
    },
    {
      "mode": "managed",
      "type": "azurerm_linux_virtual_machine",
      "name": "k8s-worker-1",
      "provider": "provider[\"registry.terraform.io/hashicorp/azurerm\"]",
      "instances": [
        {
          "schema_version": 0,
          "attributes": {
            "additional_capabilities": [],
            "admin_password": null,
            "admin_ssh_key": [
              {
                "public_key": "ssh-rsa AAAAB3NzaC1yc2EAAAADAQABAAABgQD0Xe6j/XTi3AsQZpB1cLuCwxAkMUpZqKHDF8sWFkr48Z29A2QpIO7cFPrOXL6cK3bZlu+7HfF1VIjdHrTH3UTPY1y1wnnQG74oUnCUbmel3K85hSZmRhuvaupM0uE6WJ8t339VW0quHInWhBatH4Hm0VjWhzdPbuikOu2iFadR3FcChBXh5jWpaSxKr2qfA4sYDlRPOXkAzcqIX+7lk/MYVHVjeDOWXk8EnfWI+maDItVE5768F6jY50rdv93Iwog5vSKKL1DPC2yxWI2NmvyAvZivJdddn8n1Q8M1kciT+ZFWrOOvH4A0zoxCRudFxiQ/gLZbKQBUOuBrU8qpqV2VhxBj37WIlA2s52nXRvzORWDB21/CFCbevbkvp3J70Y6Ik+Kz2j1VRY0+SRhC1+0VyV10C+axh/yCUGimatHAkQiK/2PX0WqHZAfDRSbDru1tuni6jPB4VODYqztuTz4Efa1DS4d/KKaNFgx+ELBAJBzNa1c2d0aSmOOZFinYBk0= ansible@master.local\n",
                "username": "ansible"
              }
            ],
            "admin_username": "ansible",
            "allow_extension_operations": true,
            "availability_set_id": "",
            "boot_diagnostics": [],
            "computer_name": "k8s-worker-1",
            "custom_data": null,
            "dedicated_host_id": "",
            "disable_password_authentication": true,
            "encryption_at_host_enabled": false,
            "eviction_policy": "",
            "extensions_time_budget": "PT1H30M",
            "id": "/subscriptions/aab03c5a-85db-4193-b7c9-541ee078c276/resourceGroups/iva-unir-k8s-resources/providers/Microsoft.Compute/virtualMachines/k8s-worker-1",
            "identity": [],
            "location": "westeurope",
            "max_bid_price": -1,
            "name": "k8s-worker-1",
            "network_interface_ids": [
              "/subscriptions/aab03c5a-85db-4193-b7c9-541ee078c276/resourceGroups/iva-unir-k8s-resources/providers/Microsoft.Network/networkInterfaces/vmnicworker1"
            ],
            "os_disk": [
              {
                "caching": "ReadWrite",
                "diff_disk_settings": [],
                "disk_encryption_set_id": "",
                "disk_size_gb": 30,
                "name": "k8s-worker-1_OsDisk_1_1fcd2487e1fb4d86af77d91af84eb4f3",
                "storage_account_type": "Standard_LRS",
                "write_accelerator_enabled": false
              }
            ],
            "plan": [
              {
                "name": "centos-8-stream-free",
                "product": "centos-8-stream-free",
                "publisher": "cognosys"
              }
            ],
            "priority": "Regular",
            "private_ip_address": "10.0.1.21",
            "private_ip_addresses": [
              "10.0.1.21"
            ],
            "provision_vm_agent": true,
            "proximity_placement_group_id": "",
            "public_ip_address": "",
            "public_ip_addresses": [],
            "resource_group_name": "iva-unir-k8s-resources",
            "secret": [],
            "size": "Standard_A1_v2",
            "source_image_id": "",
            "source_image_reference": [
              {
                "offer": "centos-8-stream-free",
                "publisher": "cognosys",
                "sku": "centos-8-stream-free",
                "version": "1.2019.0810"
              }
            ],
            "tags": null,
            "timeouts": null,
            "virtual_machine_id": "75bb7a5f-7f7b-4b73-90bd-46499636d8ab",
            "virtual_machine_scale_set_id": "",
            "zone": ""
          },
          "sensitive_attributes": [],
          "private": "eyJlMmJmYjczMC1lY2FhLTExZTYtOGY4OC0zNDM2M2JjN2M0YzAiOnsiY3JlYXRlIjoyNzAwMDAwMDAwMDAwLCJkZWxldGUiOjI3MDAwMDAwMDAwMDAsInJlYWQiOjMwMDAwMDAwMDAwMCwidXBkYXRlIjoyNzAwMDAwMDAwMDAwfX0=",
          "dependencies": [
            "azurerm_network_interface.nic_worker_1",
            "azurerm_resource_group.main",
            "azurerm_subnet.mySubnet",
            "azurerm_virtual_network.myNet"
          ]
        }
      ]
    },
    {
      "mode": "managed",
      "type": "azurerm_linux_virtual_machine",
      "name": "k8s-worker-2",
      "provider": "provider[\"registry.terraform.io/hashicorp/azurerm\"]",
      "instances": [
        {
          "schema_version": 0,
          "attributes": {
            "additional_capabilities": [],
            "admin_password": null,
            "admin_ssh_key": [
              {
                "public_key": "ssh-rsa AAAAB3NzaC1yc2EAAAADAQABAAABgQD0Xe6j/XTi3AsQZpB1cLuCwxAkMUpZqKHDF8sWFkr48Z29A2QpIO7cFPrOXL6cK3bZlu+7HfF1VIjdHrTH3UTPY1y1wnnQG74oUnCUbmel3K85hSZmRhuvaupM0uE6WJ8t339VW0quHInWhBatH4Hm0VjWhzdPbuikOu2iFadR3FcChBXh5jWpaSxKr2qfA4sYDlRPOXkAzcqIX+7lk/MYVHVjeDOWXk8EnfWI+maDItVE5768F6jY50rdv93Iwog5vSKKL1DPC2yxWI2NmvyAvZivJdddn8n1Q8M1kciT+ZFWrOOvH4A0zoxCRudFxiQ/gLZbKQBUOuBrU8qpqV2VhxBj37WIlA2s52nXRvzORWDB21/CFCbevbkvp3J70Y6Ik+Kz2j1VRY0+SRhC1+0VyV10C+axh/yCUGimatHAkQiK/2PX0WqHZAfDRSbDru1tuni6jPB4VODYqztuTz4Efa1DS4d/KKaNFgx+ELBAJBzNa1c2d0aSmOOZFinYBk0= ansible@master.local\n",
                "username": "ansible"
              }
            ],
            "admin_username": "ansible",
            "allow_extension_operations": true,
            "availability_set_id": "",
            "boot_diagnostics": [],
            "computer_name": "k8s-worker-2",
            "custom_data": null,
            "dedicated_host_id": "",
            "disable_password_authentication": true,
            "encryption_at_host_enabled": false,
            "eviction_policy": "",
            "extensions_time_budget": "PT1H30M",
            "id": "/subscriptions/aab03c5a-85db-4193-b7c9-541ee078c276/resourceGroups/iva-unir-k8s-resources/providers/Microsoft.Compute/virtualMachines/k8s-worker-2",
            "identity": [],
            "location": "westeurope",
            "max_bid_price": -1,
            "name": "k8s-worker-2",
            "network_interface_ids": [
              "/subscriptions/aab03c5a-85db-4193-b7c9-541ee078c276/resourceGroups/iva-unir-k8s-resources/providers/Microsoft.Network/networkInterfaces/vmnicworker2"
            ],
            "os_disk": [
              {
                "caching": "ReadWrite",
                "diff_disk_settings": [],
                "disk_encryption_set_id": "",
                "disk_size_gb": 30,
                "name": "k8s-worker-2_OsDisk_1_62beb05253814bc0845cc8e4a53f4335",
                "storage_account_type": "Standard_LRS",
                "write_accelerator_enabled": false
              }
            ],
            "plan": [
              {
                "name": "centos-8-stream-free",
                "product": "centos-8-stream-free",
                "publisher": "cognosys"
              }
            ],
            "priority": "Regular",
            "private_ip_address": "10.0.1.22",
            "private_ip_addresses": [
              "10.0.1.22"
            ],
            "provision_vm_agent": true,
            "proximity_placement_group_id": "",
            "public_ip_address": "",
            "public_ip_addresses": [],
            "resource_group_name": "iva-unir-k8s-resources",
            "secret": [],
            "size": "Standard_A1_v2",
            "source_image_id": "",
            "source_image_reference": [
              {
                "offer": "centos-8-stream-free",
                "publisher": "cognosys",
                "sku": "centos-8-stream-free",
                "version": "1.2019.0810"
              }
            ],
            "tags": null,
            "timeouts": null,
            "virtual_machine_id": "b5f800f2-53ab-4683-acc6-b8796915fca5",
            "virtual_machine_scale_set_id": "",
            "zone": ""
          },
          "sensitive_attributes": [],
          "private": "eyJlMmJmYjczMC1lY2FhLTExZTYtOGY4OC0zNDM2M2JjN2M0YzAiOnsiY3JlYXRlIjoyNzAwMDAwMDAwMDAwLCJkZWxldGUiOjI3MDAwMDAwMDAwMDAsInJlYWQiOjMwMDAwMDAwMDAwMCwidXBkYXRlIjoyNzAwMDAwMDAwMDAwfX0=",
          "dependencies": [
            "azurerm_network_interface.nic_worker_2",
            "azurerm_resource_group.main",
            "azurerm_subnet.mySubnet",
            "azurerm_virtual_network.myNet"
          ]
        }
      ]
    },
    {
      "mode": "managed",
      "type": "azurerm_network_interface",
      "name": "nic_master",
      "provider": "provider[\"registry.terraform.io/hashicorp/azurerm\"]",
      "instances": [
        {
          "schema_version": 0,
          "attributes": {
            "applied_dns_servers": [],
            "dns_servers": [],
            "enable_accelerated_networking": false,
            "enable_ip_forwarding": false,
            "id": "/subscriptions/aab03c5a-85db-4193-b7c9-541ee078c276/resourceGroups/iva-unir-k8s-resources/providers/Microsoft.Network/networkInterfaces/vmnicmaster",
            "internal_dns_name_label": "",
            "internal_domain_name_suffix": "z5pvb50v10vuhew5fxzui4um3b.ax.internal.cloudapp.net",
            "ip_configuration": [
              {
                "name": "myipconfigurationmaster",
                "primary": true,
                "private_ip_address": "10.0.1.10",
                "private_ip_address_allocation": "Static",
                "private_ip_address_version": "IPv4",
                "public_ip_address_id": "/subscriptions/aab03c5a-85db-4193-b7c9-541ee078c276/resourceGroups/iva-unir-k8s-resources/providers/Microsoft.Network/publicIPAddresses/vms2",
                "subnet_id": "/subscriptions/aab03c5a-85db-4193-b7c9-541ee078c276/resourceGroups/iva-unir-k8s-resources/providers/Microsoft.Network/virtualNetworks/kubernetesnet/subnets/terraformsubnet"
              }
            ],
            "location": "westeurope",
            "mac_address": "",
            "name": "vmnicmaster",
            "private_ip_address": "10.0.1.10",
            "private_ip_addresses": [
              "10.0.1.10"
            ],
            "resource_group_name": "iva-unir-k8s-resources",
            "tags": null,
            "timeouts": null,
            "virtual_machine_id": ""
          },
          "sensitive_attributes": [],
          "private": "eyJlMmJmYjczMC1lY2FhLTExZTYtOGY4OC0zNDM2M2JjN2M0YzAiOnsiY3JlYXRlIjoxODAwMDAwMDAwMDAwLCJkZWxldGUiOjE4MDAwMDAwMDAwMDAsInJlYWQiOjMwMDAwMDAwMDAwMCwidXBkYXRlIjoxODAwMDAwMDAwMDAwfX0=",
          "dependencies": [
            "azurerm_public_ip.myPublicIp1",
            "azurerm_resource_group.main",
            "azurerm_subnet.mySubnet",
            "azurerm_virtual_network.myNet"
          ]
        }
      ]
    },
    {
      "mode": "managed",
      "type": "azurerm_network_interface",
      "name": "nic_worker_1",
      "provider": "provider[\"registry.terraform.io/hashicorp/azurerm\"]",
      "instances": [
        {
          "schema_version": 0,
          "attributes": {
            "applied_dns_servers": [],
            "dns_servers": [],
            "enable_accelerated_networking": false,
            "enable_ip_forwarding": false,
            "id": "/subscriptions/aab03c5a-85db-4193-b7c9-541ee078c276/resourceGroups/iva-unir-k8s-resources/providers/Microsoft.Network/networkInterfaces/vmnicworker1",
            "internal_dns_name_label": "",
            "internal_domain_name_suffix": "z5pvb50v10vuhew5fxzui4um3b.ax.internal.cloudapp.net",
            "ip_configuration": [
              {
                "name": "myipconfigurationworker1",
                "primary": true,
                "private_ip_address": "10.0.1.21",
                "private_ip_address_allocation": "Static",
                "private_ip_address_version": "IPv4",
                "public_ip_address_id": "",
                "subnet_id": "/subscriptions/aab03c5a-85db-4193-b7c9-541ee078c276/resourceGroups/iva-unir-k8s-resources/providers/Microsoft.Network/virtualNetworks/kubernetesnet/subnets/terraformsubnet"
              }
            ],
            "location": "westeurope",
            "mac_address": "",
            "name": "vmnicworker1",
            "private_ip_address": "10.0.1.21",
            "private_ip_addresses": [
              "10.0.1.21"
            ],
            "resource_group_name": "iva-unir-k8s-resources",
            "tags": null,
            "timeouts": null,
            "virtual_machine_id": ""
          },
          "sensitive_attributes": [],
          "private": "eyJlMmJmYjczMC1lY2FhLTExZTYtOGY4OC0zNDM2M2JjN2M0YzAiOnsiY3JlYXRlIjoxODAwMDAwMDAwMDAwLCJkZWxldGUiOjE4MDAwMDAwMDAwMDAsInJlYWQiOjMwMDAwMDAwMDAwMCwidXBkYXRlIjoxODAwMDAwMDAwMDAwfX0=",
          "dependencies": [
            "azurerm_resource_group.main",
            "azurerm_subnet.mySubnet",
            "azurerm_virtual_network.myNet"
          ]
        }
      ]
    },
    {
      "mode": "managed",
      "type": "azurerm_network_interface",
      "name": "nic_worker_2",
      "provider": "provider[\"registry.terraform.io/hashicorp/azurerm\"]",
      "instances": [
        {
          "schema_version": 0,
          "attributes": {
            "applied_dns_servers": [],
            "dns_servers": [],
            "enable_accelerated_networking": false,
            "enable_ip_forwarding": false,
            "id": "/subscriptions/aab03c5a-85db-4193-b7c9-541ee078c276/resourceGroups/iva-unir-k8s-resources/providers/Microsoft.Network/networkInterfaces/vmnicworker2",
            "internal_dns_name_label": "",
            "internal_domain_name_suffix": "z5pvb50v10vuhew5fxzui4um3b.ax.internal.cloudapp.net",
            "ip_configuration": [
              {
                "name": "myipconfigurationworker2",
                "primary": true,
                "private_ip_address": "10.0.1.22",
                "private_ip_address_allocation": "Static",
                "private_ip_address_version": "IPv4",
                "public_ip_address_id": "",
                "subnet_id": "/subscriptions/aab03c5a-85db-4193-b7c9-541ee078c276/resourceGroups/iva-unir-k8s-resources/providers/Microsoft.Network/virtualNetworks/kubernetesnet/subnets/terraformsubnet"
              }
            ],
            "location": "westeurope",
            "mac_address": "",
            "name": "vmnicworker2",
            "private_ip_address": "10.0.1.22",
            "private_ip_addresses": [
              "10.0.1.22"
            ],
            "resource_group_name": "iva-unir-k8s-resources",
            "tags": null,
            "timeouts": null,
            "virtual_machine_id": ""
          },
          "sensitive_attributes": [],
          "private": "eyJlMmJmYjczMC1lY2FhLTExZTYtOGY4OC0zNDM2M2JjN2M0YzAiOnsiY3JlYXRlIjoxODAwMDAwMDAwMDAwLCJkZWxldGUiOjE4MDAwMDAwMDAwMDAsInJlYWQiOjMwMDAwMDAwMDAwMCwidXBkYXRlIjoxODAwMDAwMDAwMDAwfX0=",
          "dependencies": [
            "azurerm_resource_group.main",
            "azurerm_subnet.mySubnet",
            "azurerm_virtual_network.myNet"
          ]
        }
      ]
    },
    {
      "mode": "managed",
      "type": "azurerm_network_interface_security_group_association",
      "name": "mySecGroupAssociation1",
      "provider": "provider[\"registry.terraform.io/hashicorp/azurerm\"]",
      "instances": [
        {
          "schema_version": 0,
          "attributes": {
            "id": "/subscriptions/aab03c5a-85db-4193-b7c9-541ee078c276/resourceGroups/iva-unir-k8s-resources/providers/Microsoft.Network/networkInterfaces/vmnicmaster|/subscriptions/aab03c5a-85db-4193-b7c9-541ee078c276/resourceGroups/iva-unir-k8s-resources/providers/Microsoft.Network/networkSecurityGroups/sshtraffic",
            "network_interface_id": "/subscriptions/aab03c5a-85db-4193-b7c9-541ee078c276/resourceGroups/iva-unir-k8s-resources/providers/Microsoft.Network/networkInterfaces/vmnicmaster",
            "network_security_group_id": "/subscriptions/aab03c5a-85db-4193-b7c9-541ee078c276/resourceGroups/iva-unir-k8s-resources/providers/Microsoft.Network/networkSecurityGroups/sshtraffic",
            "timeouts": null
          },
          "sensitive_attributes": [],
          "private": "eyJlMmJmYjczMC1lY2FhLTExZTYtOGY4OC0zNDM2M2JjN2M0YzAiOnsiY3JlYXRlIjoxODAwMDAwMDAwMDAwLCJkZWxldGUiOjE4MDAwMDAwMDAwMDAsInJlYWQiOjMwMDAwMDAwMDAwMCwidXBkYXRlIjoxODAwMDAwMDAwMDAwfX0=",
          "dependencies": [
            "azurerm_network_interface.nic_master",
            "azurerm_network_security_group.mySecGroup",
            "azurerm_public_ip.myPublicIp1",
            "azurerm_resource_group.main",
            "azurerm_subnet.mySubnet",
            "azurerm_virtual_network.myNet"
          ]
        }
      ]
    },
    {
      "mode": "managed",
      "type": "azurerm_network_security_group",
      "name": "mySecGroup",
      "provider": "provider[\"registry.terraform.io/hashicorp/azurerm\"]",
      "instances": [
        {
          "schema_version": 0,
          "attributes": {
            "id": "/subscriptions/aab03c5a-85db-4193-b7c9-541ee078c276/resourceGroups/iva-unir-k8s-resources/providers/Microsoft.Network/networkSecurityGroups/sshtraffic",
            "location": "westeurope",
            "name": "sshtraffic",
            "resource_group_name": "iva-unir-k8s-resources",
            "security_rule": [
              {
                "access": "Allow",
                "description": "",
                "destination_address_prefix": "*",
                "destination_address_prefixes": [],
                "destination_application_security_group_ids": [],
                "destination_port_range": "22",
                "destination_port_ranges": [],
                "direction": "Inbound",
                "name": "SSH",
                "priority": 1001,
                "protocol": "Tcp",
                "source_address_prefix": "*",
                "source_address_prefixes": [],
                "source_application_security_group_ids": [],
                "source_port_range": "*",
                "source_port_ranges": []
              }
            ],
            "tags": null,
            "timeouts": null
          },
          "sensitive_attributes": [],
          "private": "eyJlMmJmYjczMC1lY2FhLTExZTYtOGY4OC0zNDM2M2JjN2M0YzAiOnsiY3JlYXRlIjoxODAwMDAwMDAwMDAwLCJkZWxldGUiOjE4MDAwMDAwMDAwMDAsInJlYWQiOjMwMDAwMDAwMDAwMCwidXBkYXRlIjoxODAwMDAwMDAwMDAwfX0=",
          "dependencies": [
            "azurerm_resource_group.main"
          ]
        }
      ]
    },
    {
      "mode": "managed",
      "type": "azurerm_public_ip",
      "name": "myPublicIp1",
      "provider": "provider[\"registry.terraform.io/hashicorp/azurerm\"]",
      "instances": [
        {
          "schema_version": 0,
          "attributes": {
            "allocation_method": "Dynamic",
            "domain_name_label": null,
            "fqdn": null,
            "id": "/subscriptions/aab03c5a-85db-4193-b7c9-541ee078c276/resourceGroups/iva-unir-k8s-resources/providers/Microsoft.Network/publicIPAddresses/vms2",
            "idle_timeout_in_minutes": 4,
            "ip_address": "",
            "ip_version": "IPv4",
            "location": "westeurope",
            "name": "vms2",
            "public_ip_prefix_id": null,
            "resource_group_name": "iva-unir-k8s-resources",
            "reverse_fqdn": null,
            "sku": "Basic",
            "tags": null,
            "timeouts": null,
            "zones": null
          },
          "sensitive_attributes": [],
          "private": "eyJlMmJmYjczMC1lY2FhLTExZTYtOGY4OC0zNDM2M2JjN2M0YzAiOnsiY3JlYXRlIjoxODAwMDAwMDAwMDAwLCJkZWxldGUiOjE4MDAwMDAwMDAwMDAsInJlYWQiOjMwMDAwMDAwMDAwMCwidXBkYXRlIjoxODAwMDAwMDAwMDAwfX0=",
          "dependencies": [
            "azurerm_resource_group.main"
          ]
        }
      ]
    },
    {
      "mode": "managed",
      "type": "azurerm_resource_group",
      "name": "main",
      "provider": "provider[\"registry.terraform.io/hashicorp/azurerm\"]",
      "instances": [
        {
          "schema_version": 0,
          "attributes": {
            "id": "/subscriptions/aab03c5a-85db-4193-b7c9-541ee078c276/resourceGroups/iva-unir-k8s-resources",
            "location": "westeurope",
            "name": "iva-unir-k8s-resources",
            "tags": null,
            "timeouts": null
          },
          "sensitive_attributes": [],
          "private": "eyJlMmJmYjczMC1lY2FhLTExZTYtOGY4OC0zNDM2M2JjN2M0YzAiOnsiY3JlYXRlIjo1NDAwMDAwMDAwMDAwLCJkZWxldGUiOjU0MDAwMDAwMDAwMDAsInJlYWQiOjMwMDAwMDAwMDAwMCwidXBkYXRlIjo1NDAwMDAwMDAwMDAwfX0="
        }
      ]
    },
    {
      "mode": "managed",
      "type": "azurerm_subnet",
      "name": "mySubnet",
      "provider": "provider[\"registry.terraform.io/hashicorp/azurerm\"]",
      "instances": [
        {
          "schema_version": 0,
          "attributes": {
            "address_prefix": "10.0.1.0/24",
            "address_prefixes": [
              "10.0.1.0/24"
            ],
            "delegation": [],
            "enforce_private_link_endpoint_network_policies": false,
            "enforce_private_link_service_network_policies": false,
            "id": "/subscriptions/aab03c5a-85db-4193-b7c9-541ee078c276/resourceGroups/iva-unir-k8s-resources/providers/Microsoft.Network/virtualNetworks/kubernetesnet/subnets/terraformsubnet",
            "name": "terraformsubnet",
            "resource_group_name": "iva-unir-k8s-resources",
            "service_endpoint_policy_ids": null,
            "service_endpoints": null,
            "timeouts": null,
            "virtual_network_name": "kubernetesnet"
          },
          "sensitive_attributes": [],
          "private": "eyJlMmJmYjczMC1lY2FhLTExZTYtOGY4OC0zNDM2M2JjN2M0YzAiOnsiY3JlYXRlIjoxODAwMDAwMDAwMDAwLCJkZWxldGUiOjE4MDAwMDAwMDAwMDAsInJlYWQiOjMwMDAwMDAwMDAwMCwidXBkYXRlIjoxODAwMDAwMDAwMDAwfX0=",
          "dependencies": [
            "azurerm_resource_group.main",
            "azurerm_virtual_network.myNet"
          ]
        }
      ]
    },
    {
      "mode": "managed",
      "type": "azurerm_virtual_network",
      "name": "myNet",
      "provider": "provider[\"registry.terraform.io/hashicorp/azurerm\"]",
      "instances": [
        {
          "schema_version": 0,
          "attributes": {
            "address_space": [
              "10.0.0.0/16"
            ],
            "bgp_community": "",
            "ddos_protection_plan": [],
            "dns_servers": null,
            "guid": "ff50dfcf-de55-43ab-92df-2df3447a8ce9",
            "id": "/subscriptions/aab03c5a-85db-4193-b7c9-541ee078c276/resourceGroups/iva-unir-k8s-resources/providers/Microsoft.Network/virtualNetworks/kubernetesnet",
            "location": "westeurope",
            "name": "kubernetesnet",
            "resource_group_name": "iva-unir-k8s-resources",
            "subnet": [],
            "tags": null,
            "timeouts": null,
            "vm_protection_enabled": false
          },
          "sensitive_attributes": [],
          "private": "eyJlMmJmYjczMC1lY2FhLTExZTYtOGY4OC0zNDM2M2JjN2M0YzAiOnsiY3JlYXRlIjoxODAwMDAwMDAwMDAwLCJkZWxldGUiOjE4MDAwMDAwMDAwMDAsInJlYWQiOjMwMDAwMDAwMDAwMCwidXBkYXRlIjoxODAwMDAwMDAwMDAwfX0=",
          "dependencies": [
            "azurerm_resource_group.main"
          ]
        }
      ]
    }
  ]
}
